
Microsoft Visual Studio Solution File, Format Version 12.00
# Visual Studio Version 17
VisualStudioVersion = 17.5.33516.290
MinimumVisualStudioVersion = 10.0.40219.1
Project("{888888A0-9F3D-457C-B088-3A5042F75D52}") = "TaxiCab-Exploratory Data Analysis", "TaxiCab-Exploratory Data Analysis.pyproj", "{B1DBA987-4A43-4274-A3DE-45917C59E740}"
EndProject
Global
	GlobalSection(SolutionConfigurationPlatforms) = preSolution
		Debug|Any CPU = Debug|Any CPU
		Release|Any CPU = Release|Any CPU
	EndGlobalSection
	GlobalSection(ProjectConfigurationPlatforms) = postSolution
		{B1DBA987-4A43-4274-A3DE-45917C59E740}.Debug|Any CPU.ActiveCfg = Debug|Any CPU
		{B1DBA987-4A43-4274-A3DE-45917C59E740}.Release|Any CPU.ActiveCfg = Release|Any CPU
	EndGlobalSection
	GlobalSection(SolutionProperties) = preSolution
		HideSolutionNode = FALSE
	EndGlobalSection
	GlobalSection(ExtensibilityGlobals) = postSolution
		SolutionGuid = {D90974E4-82E4-4E79-A9E6-40C288242B43}
	EndGlobalSection
EndGlobal
